<?xml version="1.0" encoding="utf-8"?>
<Project ToolsVersion="4.0" xmlns="http://schemas.microsoft.com/developer/msbuild/2003">
  <ItemGroup>
    <Filter Include="Source Files">
      <UniqueIdentifier>{4FC737F1-C7A5-4376-A066-2A32D752A2FF}</UniqueIdentifier>
      <Extensions>cpp;c;cc;cxx;c++;cppm;ixx;def;odl;idl;hpj;bat;asm;asmx</Extensions>
    </Filter>
    <Filter Include="Header Files">
      <UniqueIdentifier>{93995380-89BD-4b04-88EB-625FBE52EBFB}</UniqueIdentifier>
      <Extensions>h;hh;hpp;hxx;h++;hm;inl;inc;ipp;xsd</Extensions>
    </Filter>
    <Filter Include="Resource Files">
      <UniqueIdentifier>{67DA6AB6-F800-4c08-8B7A-83BB121AAD01}</UniqueIdentifier>
      <Extensions>rc;ico;cur;bmp;dlg;rc2;rct;bin;rgs;gif;jpg;jpeg;jpe;resx;tiff;tif;png;wav;mfcribbon-ms</Extensions>
    </Filter>
  </ItemGroup>
  <ItemGroup>
    <ClInclude Include="headers\MAM-R.h">
      <Filter>Header Files</Filter>
    </ClInclude>
    <ClInclude Include="headers\Globe.h">
      <Filter>Header Files</Filter>
    </ClInclude>
    <ClInclude Include="headers\Graphics\Bindable\Bindable.h">
      <Filter>Header Files</Filter>
    </ClInclude>
    <ClInclude Include="headers\Graphics\Bindable\BindableCodex.h">
      <Filter>Header Files</Filter>
    </ClInclude>
    <ClInclude Include="headers\Graphics\Bindable\Bindables.h">
      <Filter>Header Files</Filter>
    </ClInclude>
    <ClInclude Include="headers\Graphics\Bindable\Blender.h">
      <Filter>Header Files</Filter>
    </ClInclude>
    <ClInclude Include="headers\Graphics\Bindable\ConstantBuffers.h">
      <Filter>Header Files</Filter>
    </ClInclude>
    <ClInclude Include="headers\Graphics\Bindable\IndexBuffer.h">
      <Filter>Header Files</Filter>
    </ClInclude>
    <ClInclude Include="headers\Graphics\Bindable\InputLayout.h">
      <Filter>Header Files</Filter>
    </ClInclude>
    <ClInclude Include="headers\Graphics\Bindable\PixelShader.h">
      <Filter>Header Files</Filter>
    </ClInclude>
    <ClInclude Include="headers\Graphics\Bindable\Rasterizer.h">
      <Filter>Header Files</Filter>
    </ClInclude>
    <ClInclude Include="headers\Graphics\Bindable\Sampler.h">
      <Filter>Header Files</Filter>
    </ClInclude>
    <ClInclude Include="headers\Graphics\Bindable\Texture.h">
      <Filter>Header Files</Filter>
    </ClInclude>
    <ClInclude Include="headers\Graphics\Bindable\Topology.h">
      <Filter>Header Files</Filter>
    </ClInclude>
    <ClInclude Include="headers\Graphics\Bindable\TransformCBuf.h">
      <Filter>Header Files</Filter>
    </ClInclude>
    <ClInclude Include="headers\Graphics\Bindable\VertexBuffer.h">
      <Filter>Header Files</Filter>
    </ClInclude>
    <ClInclude Include="headers\Graphics\Bindable\VertexShader.h">
      <Filter>Header Files</Filter>
    </ClInclude>
    <ClInclude Include="headers\Graphics\Camera.h">
      <Filter>Header Files</Filter>
    </ClInclude>
    <ClInclude Include="headers\Graphics\ConstantBufferDyn.h">
      <Filter>Header Files</Filter>
    </ClInclude>
    <ClInclude Include="headers\Graphics\Drawable\Drawable.h">
      <Filter>Header Files</Filter>
    </ClInclude>
    <ClInclude Include="headers\Graphics\Drawable\Drawables.h">
      <Filter>Header Files</Filter>
    </ClInclude>
    <ClInclude Include="headers\Graphics\Drawable\Quad.h">
      <Filter>Header Files</Filter>
    </ClInclude>
    <ClInclude Include="headers\Graphics\Drawable\QuadBatch.h">
      <Filter>Header Files</Filter>
    </ClInclude>
    <ClInclude Include="headers\Graphics\DxgiInfoManager.h">
      <Filter>Header Files</Filter>
    </ClInclude>
    <ClInclude Include="headers\Graphics\Graphics.h">
      <Filter>Header Files</Filter>
    </ClInclude>
    <ClInclude Include="headers\Graphics\GraphicsMacros.h">
      <Filter>Header Files</Filter>
    </ClInclude>
    <ClInclude Include="headers\Graphics\Render\FrameController.h">
      <Filter>Header Files</Filter>
    </ClInclude>
    <ClInclude Include="headers\Graphics\Render\QueueJob.h">
      <Filter>Header Files</Filter>
    </ClInclude>
    <ClInclude Include="headers\Graphics\Render\QueuePass.h">
      <Filter>Header Files</Filter>
    </ClInclude>
    <ClInclude Include="headers\Graphics\Render\QueueStep.h">
      <Filter>Header Files</Filter>
    </ClInclude>
    <ClInclude Include="headers\Graphics\Render\Technique.h">
      <Filter>Header Files</Filter>
    </ClInclude>
    <ClInclude Include="headers\Graphics\Render\TechniqueProbe.h">
      <Filter>Header Files</Filter>
    </ClInclude>
    <ClInclude Include="headers\Graphics\Resource\DepthStencil.h">
      <Filter>Header Files</Filter>
    </ClInclude>
    <ClInclude Include="headers\Graphics\Resource\GraphicsResource.h">
      <Filter>Header Files</Filter>
    </ClInclude>
    <ClInclude Include="headers\Graphics\Resource\RenderTarget.h">
      <Filter>Header Files</Filter>
    </ClInclude>
    <ClInclude Include="headers\Graphics\Surface.h">
      <Filter>Header Files</Filter>
    </ClInclude>
    <ClInclude Include="headers\Graphics\Vertex.h">
      <Filter>Header Files</Filter>
    </ClInclude>
    <ClInclude Include="headers\ImguiManager.h">
      <Filter>Header Files</Filter>
    </ClInclude>
    <ClInclude Include="headers\mamr_defs.h">
      <Filter>Header Files</Filter>
    </ClInclude>
    <ClInclude Include="headers\MyException.h">
      <Filter>Header Files</Filter>
    </ClInclude>
    <ClInclude Include="headers\Scene\Scene.h">
      <Filter>Header Files</Filter>
    </ClInclude>
    <ClInclude Include="headers\Scene\SceneController.h">
      <Filter>Header Files</Filter>
    </ClInclude>
    <ClInclude Include="headers\Scene\TestScene.h">
      <Filter>Header Files</Filter>
    </ClInclude>
    <ClInclude Include="headers\Util\DXUtil.h">
      <Filter>Header Files</Filter>
    </ClInclude>
    <ClInclude Include="headers\Util\Interp.h">
      <Filter>Header Files</Filter>
    </ClInclude>
    <ClInclude Include="headers\Util\Misc.h">
      <Filter>Header Files</Filter>
    </ClInclude>
    <ClInclude Include="headers\Util\MyMath.h">
      <Filter>Header Files</Filter>
    </ClInclude>
    <ClInclude Include="headers\Windows\Callbacks\Callbacks.h">
      <Filter>Header Files</Filter>
    </ClInclude>
    <ClInclude Include="headers\Windows\Callbacks\Misc.h">
      <Filter>Header Files</Filter>
    </ClInclude>
    <ClInclude Include="headers\Windows\framework.h">
      <Filter>Header Files</Filter>
    </ClInclude>
    <ClInclude Include="headers\Windows\Keyboard.h">
      <Filter>Header Files</Filter>
    </ClInclude>
    <ClInclude Include="headers\Windows\Mouse.h">
      <Filter>Header Files</Filter>
    </ClInclude>
    <ClInclude Include="headers\Windows\targetver.h">
      <Filter>Header Files</Filter>
    </ClInclude>
    <ClInclude Include="headers\Windows\Window.h">
      <Filter>Header Files</Filter>
    </ClInclude>
    <ClInclude Include="headers\Windows\WindowMacros.h">
      <Filter>Header Files</Filter>
    </ClInclude>
    <ClInclude Include="resource.h">
      <Filter>Header Files</Filter>
    </ClInclude>
    <ClInclude Include="ThirdParty\DXTex\BC.h">
      <Filter>Header Files</Filter>
    </ClInclude>
    <ClInclude Include="ThirdParty\DXTex\BCDirectCompute.h">
      <Filter>Header Files</Filter>
    </ClInclude>
    <ClInclude Include="ThirdParty\DXTex\d3dx12.h">
      <Filter>Header Files</Filter>
    </ClInclude>
    <ClInclude Include="ThirdParty\DXTex\DDS.h">
      <Filter>Header Files</Filter>
    </ClInclude>
    <ClInclude Include="ThirdParty\DXTex\DirectXTex.h">
      <Filter>Header Files</Filter>
    </ClInclude>
    <ClInclude Include="ThirdParty\DXTex\DirectXTexP.h">
      <Filter>Header Files</Filter>
    </ClInclude>
    <ClInclude Include="ThirdParty\DXTex\filters.h">
      <Filter>Header Files</Filter>
    </ClInclude>
    <ClInclude Include="ThirdParty\DXTex\scoped.h">
      <Filter>Header Files</Filter>
    </ClInclude>
    <ClInclude Include="ThirdParty\imgui\imconfig.h">
      <Filter>Header Files</Filter>
    </ClInclude>
    <ClInclude Include="ThirdParty\imgui\imgui.h">
      <Filter>Header Files</Filter>
    </ClInclude>
    <ClInclude Include="ThirdParty\imgui\imgui_impl_dx11.h">
      <Filter>Header Files</Filter>
    </ClInclude>
    <ClInclude Include="ThirdParty\imgui\imgui_impl_win32.h">
      <Filter>Header Files</Filter>
    </ClInclude>
    <ClInclude Include="ThirdParty\imgui\imgui_internal.h">
      <Filter>Header Files</Filter>
    </ClInclude>
    <ClInclude Include="ThirdParty\imgui\imstb_rectpack.h">
      <Filter>Header Files</Filter>
    </ClInclude>
    <ClInclude Include="ThirdParty\imgui\imstb_textedit.h">
      <Filter>Header Files</Filter>
    </ClInclude>
    <ClInclude Include="ThirdParty\imgui\imstb_truetype.h">
      <Filter>Header Files</Filter>
    </ClInclude>
    <ClInclude Include="ThirdParty\TGLib\Instrumentor.h">
      <Filter>Header Files</Filter>
    </ClInclude>
    <ClInclude Include="ThirdParty\TGLib\TGLib.h">
      <Filter>Header Files</Filter>
    </ClInclude>
    <ClInclude Include="ThirdParty\TGLib\Timer.h">
      <Filter>Header Files</Filter>
    </ClInclude>
    <ClInclude Include="ThirdParty\TGLib\TGLib_Util.h">
      <Filter>Header Files</Filter>
    </ClInclude>
    <ClInclude Include="headers\Scene\Scenes.h">
      <Filter>Header Files</Filter>
    </ClInclude>
    <ClInclude Include="headers\MIDI\RawMidi.h">
      <Filter>Header Files</Filter>
    </ClInclude>
    <ClInclude Include="headers\MIDI\Parser\Chunks.h">
      <Filter>Header Files</Filter>
    </ClInclude>
    <ClInclude Include="headers\MIDI\Util.h">
      <Filter>Header Files</Filter>
    </ClInclude>
    <ClInclude Include="headers\MIDI\Parser\MTrkEvent.h">
      <Filter>Header Files</Filter>
    </ClInclude>
    <ClInclude Include="headers\MIDI\Enums.h">
      <Filter>Header Files</Filter>
    </ClInclude>
    <ClInclude Include="headers\MIDI\Parser\MidiEvent.inl">
      <Filter>Header Files</Filter>
    </ClInclude>
    <ClInclude Include="headers\MIDI\CookedMidi.h">
      <Filter>Header Files</Filter>
    </ClInclude>
    <ClInclude Include="headers\Windows\DialogEventHandler.h">
      <Filter>Header Files</Filter>
    </ClInclude>
    <ClInclude Include="headers\Scene\MidiScene.h">
      <Filter>Header Files</Filter>
    </ClInclude>
    <ClInclude Include="ThirdParty\miniaudio\miniaudio.h">
      <Filter>Header Files</Filter>
    </ClInclude>
    <ClInclude Include="ThirdParty\miniaudio\AudioEngine.h">
      <Filter>Header Files</Filter>
    </ClInclude>
    <ClInclude Include="ThirdParty\miniaudio\Sound.h">
      <Filter>Header Files</Filter>
    </ClInclude>
  </ItemGroup>
  <ItemGroup>
    <ClCompile Include="src\MAM-R.cpp">
      <Filter>Source Files</Filter>
    </ClCompile>
    <ClCompile Include="src\Globe.cpp">
      <Filter>Source Files</Filter>
    </ClCompile>
    <ClCompile Include="src\Graphics\Bindable\Blender.cpp">
      <Filter>Source Files</Filter>
    </ClCompile>
    <ClCompile Include="src\Graphics\Bindable\ConstantBuffers.cpp">
      <Filter>Source Files</Filter>
    </ClCompile>
    <ClCompile Include="src\Graphics\Bindable\IndexBuffer.cpp">
      <Filter>Source Files</Filter>
    </ClCompile>
    <ClCompile Include="src\Graphics\Bindable\InputLayout.cpp">
      <Filter>Source Files</Filter>
    </ClCompile>
    <ClCompile Include="src\Graphics\Bindable\PixelShader.cpp">
      <Filter>Source Files</Filter>
    </ClCompile>
    <ClCompile Include="src\Graphics\Bindable\Rasterizer.cpp">
      <Filter>Source Files</Filter>
    </ClCompile>
    <ClCompile Include="src\Graphics\Bindable\Sampler.cpp">
      <Filter>Source Files</Filter>
    </ClCompile>
    <ClCompile Include="src\Graphics\Bindable\Texture.cpp">
      <Filter>Source Files</Filter>
    </ClCompile>
    <ClCompile Include="src\Graphics\Bindable\Topology.cpp">
      <Filter>Source Files</Filter>
    </ClCompile>
    <ClCompile Include="src\Graphics\Bindable\TransformCBuf.cpp">
      <Filter>Source Files</Filter>
    </ClCompile>
    <ClCompile Include="src\Graphics\Bindable\VertexBuffer.cpp">
      <Filter>Source Files</Filter>
    </ClCompile>
    <ClCompile Include="src\Graphics\Bindable\VertexShader.cpp">
      <Filter>Source Files</Filter>
    </ClCompile>
    <ClCompile Include="src\Graphics\Camera.cpp">
      <Filter>Source Files</Filter>
    </ClCompile>
    <ClCompile Include="src\Graphics\ConstantBufferDyn.cpp">
      <Filter>Source Files</Filter>
    </ClCompile>
    <ClCompile Include="src\Graphics\Drawable\Drawable.cpp">
      <Filter>Source Files</Filter>
    </ClCompile>
    <ClCompile Include="src\Graphics\Drawable\Quad.cpp">
      <Filter>Source Files</Filter>
    </ClCompile>
    <ClCompile Include="src\Graphics\Drawable\QuadBatch.cpp">
      <Filter>Source Files</Filter>
    </ClCompile>
    <ClCompile Include="src\Graphics\DxgiInfoManager.cpp">
      <Filter>Source Files</Filter>
    </ClCompile>
    <ClCompile Include="src\Graphics\Graphics.cpp">
      <Filter>Source Files</Filter>
    </ClCompile>
    <ClCompile Include="src\Graphics\Render\FrameController.cpp">
      <Filter>Source Files</Filter>
    </ClCompile>
    <ClCompile Include="src\Graphics\Render\QueueJob.cpp">
      <Filter>Source Files</Filter>
    </ClCompile>
    <ClCompile Include="src\Graphics\Render\QueuePass.cpp">
      <Filter>Source Files</Filter>
    </ClCompile>
    <ClCompile Include="src\Graphics\Render\QueueStep.cpp">
      <Filter>Source Files</Filter>
    </ClCompile>
    <ClCompile Include="src\Graphics\Render\Technique.cpp">
      <Filter>Source Files</Filter>
    </ClCompile>
    <ClCompile Include="src\Graphics\Render\TechniqueProbe.cpp">
      <Filter>Source Files</Filter>
    </ClCompile>
    <ClCompile Include="src\Graphics\Resource\DepthStencil.cpp">
      <Filter>Source Files</Filter>
    </ClCompile>
    <ClCompile Include="src\Graphics\Resource\GraphicsResource.cpp">
      <Filter>Source Files</Filter>
    </ClCompile>
    <ClCompile Include="src\Graphics\Resource\RenderTarget.cpp">
      <Filter>Source Files</Filter>
    </ClCompile>
    <ClCompile Include="src\Graphics\Surface.cpp">
      <Filter>Source Files</Filter>
    </ClCompile>
    <ClCompile Include="src\Graphics\Vertex.cpp">
      <Filter>Source Files</Filter>
    </ClCompile>
    <ClCompile Include="src\ImguiManager.cpp">
      <Filter>Source Files</Filter>
    </ClCompile>
    <ClCompile Include="src\MyException.cpp">
      <Filter>Source Files</Filter>
    </ClCompile>
    <ClCompile Include="src\Scene\Scene.cpp">
      <Filter>Source Files</Filter>
    </ClCompile>
    <ClCompile Include="src\Scene\SceneController.cpp">
      <Filter>Source Files</Filter>
    </ClCompile>
    <ClCompile Include="src\Util\DXUtil.cpp">
      <Filter>Source Files</Filter>
    </ClCompile>
    <ClCompile Include="src\Util\Interp.cpp">
      <Filter>Source Files</Filter>
    </ClCompile>
    <ClCompile Include="src\Windows\Callbacks\Misc.cpp">
      <Filter>Source Files</Filter>
    </ClCompile>
    <ClCompile Include="src\Windows\Keyboard.cpp">
      <Filter>Source Files</Filter>
    </ClCompile>
    <ClCompile Include="src\Windows\Mouse.cpp">
      <Filter>Source Files</Filter>
    </ClCompile>
    <ClCompile Include="src\Windows\Window.cpp">
      <Filter>Source Files</Filter>
    </ClCompile>
    <ClCompile Include="ThirdParty\imgui\imgui.cpp">
      <Filter>Source Files</Filter>
    </ClCompile>
    <ClCompile Include="ThirdParty\imgui\imgui_demo.cpp">
      <Filter>Source Files</Filter>
    </ClCompile>
    <ClCompile Include="ThirdParty\imgui\imgui_draw.cpp">
      <Filter>Source Files</Filter>
    </ClCompile>
    <ClCompile Include="ThirdParty\imgui\imgui_impl_dx11.cpp">
      <Filter>Source Files</Filter>
    </ClCompile>
    <ClCompile Include="ThirdParty\imgui\imgui_impl_win32.cpp">
      <Filter>Source Files</Filter>
    </ClCompile>
    <ClCompile Include="ThirdParty\imgui\imgui_tables.cpp">
      <Filter>Source Files</Filter>
    </ClCompile>
    <ClCompile Include="ThirdParty\imgui\imgui_widgets.cpp">
      <Filter>Source Files</Filter>
    </ClCompile>
    <ClCompile Include="ThirdParty\TGLib\Instrumentor.cpp">
      <Filter>Source Files</Filter>
    </ClCompile>
    <ClCompile Include="ThirdParty\TGLib\Timer.cpp">
      <Filter>Source Files</Filter>
    </ClCompile>
    <ClCompile Include="ThirdParty\TGLib\TGLib_Util.cpp">
      <Filter>Source Files</Filter>
    </ClCompile>
    <ClCompile Include="src\Scene\TestScene.cpp">
      <Filter>Source Files</Filter>
    </ClCompile>
    <ClCompile Include="src\MIDI\RawMidi.cpp">
      <Filter>Source Files</Filter>
    </ClCompile>
    <ClCompile Include="src\MIDI\Util.cpp">
      <Filter>Source Files</Filter>
    </ClCompile>
    <ClCompile Include="src\MIDI\Parser\Chunks.cpp">
      <Filter>Source Files</Filter>
    </ClCompile>
    <ClCompile Include="src\MIDI\Parser\MTrkEvent.cpp">
      <Filter>Source Files</Filter>
    </ClCompile>
    <ClCompile Include="src\MIDI\Parser\MetaEvent.cpp">
      <Filter>Source Files</Filter>
    </ClCompile>
    <ClCompile Include="src\MIDI\Parser\MidiEvent.cpp">
      <Filter>Source Files</Filter>
    </ClCompile>
    <ClCompile Include="src\MIDI\Parser\SysexEvent.cpp">
      <Filter>Source Files</Filter>
    </ClCompile>
    <ClCompile Include="src\MIDI\CookedMidi.cpp">
      <Filter>Source Files</Filter>
    </ClCompile>
    <ClCompile Include="src\Windows\DialogEventHandler.cpp">
      <Filter>Source Files</Filter>
    </ClCompile>
    <ClCompile Include="src\Scene\MidiScene.cpp">
      <Filter>Source Files</Filter>
    </ClCompile>
    <ClCompile Include="ThirdParty\miniaudio\miniaudio.c">
      <Filter>Source Files</Filter>
    </ClCompile>
    <ClCompile Include="ThirdParty\miniaudio\AudioEngine.cpp">
      <Filter>Source Files</Filter>
    </ClCompile>
    <ClCompile Include="ThirdParty\miniaudio\Sound.cpp">
      <Filter>Source Files</Filter>
    </ClCompile>
  </ItemGroup>
  <ItemGroup>
    <ResourceCompile Include="MAM-R.rc">
      <Filter>Resource Files</Filter>
    </ResourceCompile>
  </ItemGroup>
  <ItemGroup>
    <Image Include="small.ico">
      <Filter>Resource Files</Filter>
    </Image>
    <Image Include="MAM-R.ico">
      <Filter>Resource Files</Filter>
    </Image>
  </ItemGroup>
  <ItemGroup>
    <None Include="headers\Util\MyMathLookups.inl">
      <Filter>Header Files</Filter>
    </None>
    <None Include="ThirdParty\DXTex\DirectXTex.inl">
      <Filter>Header Files</Filter>
    </None>
  </ItemGroup>
  <ItemGroup>
    <FxCompile Include="shaders\Colored_VS.hlsl" />
    <FxCompile Include="shaders\Colored_PS.hlsl" />
    <FxCompile Include="shaders\DarkenPlayed_VS.hlsl" />
    <FxCompile Include="shaders\DarkenPlayed_PS.hlsl" />
  </ItemGroup>
</Project>